
Microsoft Visual Studio Solution File, Format Version 12.00
# Visual Studio Version 17
VisualStudioVersion = 17.5.33530.505
MinimumVisualStudioVersion = 10.0.40219.1
Project("{FAE04EC0-301F-11D3-BF4B-00C04F79EFBC}") = "38 - WarPreparations", "38 - WarPreparations.csproj", "{03A52131-7C2D-405D-A801-2DFC83C95027}"
EndProject
Global
	GlobalSection(SolutionConfigurationPlatforms) = preSolution
		Debug|Any CPU = Debug|Any CPU
		Release|Any CPU = Release|Any CPU
	EndGlobalSection
	GlobalSection(ProjectConfigurationPlatforms) = postSolution
		{03A52131-7C2D-405D-A801-2DFC83C95027}.Debug|Any CPU.ActiveCfg = Debug|Any CPU
		{03A52131-7C2D-405D-A801-2DFC83C95027}.Debug|Any CPU.Build.0 = Debug|Any CPU
		{03A52131-7C2D-405D-A801-2DFC83C95027}.Release|Any CPU.ActiveCfg = Release|Any CPU
		{03A52131-7C2D-405D-A801-2DFC83C95027}.Release|Any CPU.Build.0 = Release|Any CPU
	EndGlobalSection
	GlobalSection(SolutionProperties) = preSolution
		HideSolutionNode = FALSE
	EndGlobalSection
	GlobalSection(ExtensibilityGlobals) = postSolution
		SolutionGuid = {070CDD6A-8D81-439B-A31E-FA5EB5279D54}
	EndGlobalSection
EndGlobal
