
Microsoft Visual Studio Solution File, Format Version 12.00
# Visual Studio Version 17
VisualStudioVersion = 17.5.33516.290
MinimumVisualStudioVersion = 10.0.40219.1
Project("{FAE04EC0-301F-11D3-BF4B-00C04F79EFBC}") = "ThePropertiesOfArrows", "ThePropertiesOfArrows.csproj", "{02A81CF3-1161-4494-BE28-00970A9A8372}"
EndProject
Global
	GlobalSection(SolutionConfigurationPlatforms) = preSolution
		Debug|Any CPU = Debug|Any CPU
		Release|Any CPU = Release|Any CPU
	EndGlobalSection
	GlobalSection(ProjectConfigurationPlatforms) = postSolution
		{02A81CF3-1161-4494-BE28-00970A9A8372}.Debug|Any CPU.ActiveCfg = Debug|Any CPU
		{02A81CF3-1161-4494-BE28-00970A9A8372}.Debug|Any CPU.Build.0 = Debug|Any CPU
		{02A81CF3-1161-4494-BE28-00970A9A8372}.Release|Any CPU.ActiveCfg = Release|Any CPU
		{02A81CF3-1161-4494-BE28-00970A9A8372}.Release|Any CPU.Build.0 = Release|Any CPU
	EndGlobalSection
	GlobalSection(SolutionProperties) = preSolution
		HideSolutionNode = FALSE
	EndGlobalSection
	GlobalSection(ExtensibilityGlobals) = postSolution
		SolutionGuid = {3C8B471C-DF59-4494-8B4A-06A97E39FC9F}
	EndGlobalSection
EndGlobal
