
Microsoft Visual Studio Solution File, Format Version 12.00
# Visual Studio Version 17
VisualStudioVersion = 17.5.33530.505
MinimumVisualStudioVersion = 10.0.40219.1
Project("{FAE04EC0-301F-11D3-BF4B-00C04F79EFBC}") = "36 - RoboticInterface", "36 - RoboticInterface.csproj", "{634DA52B-B951-4A67-8C88-30506842CE1B}"
EndProject
Global
	GlobalSection(SolutionConfigurationPlatforms) = preSolution
		Debug|Any CPU = Debug|Any CPU
		Release|Any CPU = Release|Any CPU
	EndGlobalSection
	GlobalSection(ProjectConfigurationPlatforms) = postSolution
		{634DA52B-B951-4A67-8C88-30506842CE1B}.Debug|Any CPU.ActiveCfg = Debug|Any CPU
		{634DA52B-B951-4A67-8C88-30506842CE1B}.Debug|Any CPU.Build.0 = Debug|Any CPU
		{634DA52B-B951-4A67-8C88-30506842CE1B}.Release|Any CPU.ActiveCfg = Release|Any CPU
		{634DA52B-B951-4A67-8C88-30506842CE1B}.Release|Any CPU.Build.0 = Release|Any CPU
	EndGlobalSection
	GlobalSection(SolutionProperties) = preSolution
		HideSolutionNode = FALSE
	EndGlobalSection
	GlobalSection(ExtensibilityGlobals) = postSolution
		SolutionGuid = {98A387D9-DA23-495B-A0E6-79FEEEAFEB7A}
	EndGlobalSection
EndGlobal
