
Microsoft Visual Studio Solution File, Format Version 12.00
# Visual Studio Version 17
VisualStudioVersion = 17.5.33516.290
MinimumVisualStudioVersion = 10.0.40219.1
Project("{FAE04EC0-301F-11D3-BF4B-00C04F79EFBC}") = "Watchtower", "Watchtower.csproj", "{33F0DE41-25F4-474D-A176-E6741FE6676E}"
EndProject
Global
	GlobalSection(SolutionConfigurationPlatforms) = preSolution
		Debug|Any CPU = Debug|Any CPU
		Release|Any CPU = Release|Any CPU
	EndGlobalSection
	GlobalSection(ProjectConfigurationPlatforms) = postSolution
		{33F0DE41-25F4-474D-A176-E6741FE6676E}.Debug|Any CPU.ActiveCfg = Debug|Any CPU
		{33F0DE41-25F4-474D-A176-E6741FE6676E}.Debug|Any CPU.Build.0 = Debug|Any CPU
		{33F0DE41-25F4-474D-A176-E6741FE6676E}.Release|Any CPU.ActiveCfg = Release|Any CPU
		{33F0DE41-25F4-474D-A176-E6741FE6676E}.Release|Any CPU.Build.0 = Release|Any CPU
	EndGlobalSection
	GlobalSection(SolutionProperties) = preSolution
		HideSolutionNode = FALSE
	EndGlobalSection
	GlobalSection(ExtensibilityGlobals) = postSolution
		SolutionGuid = {E871F2C2-B5EB-40F0-8B4F-4F1855501F95}
	EndGlobalSection
EndGlobal
