
Microsoft Visual Studio Solution File, Format Version 12.00
# Visual Studio Version 17
VisualStudioVersion = 17.5.33530.505
MinimumVisualStudioVersion = 10.0.40219.1
Project("{FAE04EC0-301F-11D3-BF4B-00C04F79EFBC}") = "37 - RoomCoordinates", "37 - RoomCoordinates.csproj", "{5350CCC5-ECFC-48CA-A8A1-EC32C0AE92DC}"
EndProject
Global
	GlobalSection(SolutionConfigurationPlatforms) = preSolution
		Debug|Any CPU = Debug|Any CPU
		Release|Any CPU = Release|Any CPU
	EndGlobalSection
	GlobalSection(ProjectConfigurationPlatforms) = postSolution
		{5350CCC5-ECFC-48CA-A8A1-EC32C0AE92DC}.Debug|Any CPU.ActiveCfg = Debug|Any CPU
		{5350CCC5-ECFC-48CA-A8A1-EC32C0AE92DC}.Debug|Any CPU.Build.0 = Debug|Any CPU
		{5350CCC5-ECFC-48CA-A8A1-EC32C0AE92DC}.Release|Any CPU.ActiveCfg = Release|Any CPU
		{5350CCC5-ECFC-48CA-A8A1-EC32C0AE92DC}.Release|Any CPU.Build.0 = Release|Any CPU
	EndGlobalSection
	GlobalSection(SolutionProperties) = preSolution
		HideSolutionNode = FALSE
	EndGlobalSection
	GlobalSection(ExtensibilityGlobals) = postSolution
		SolutionGuid = {ADCB6DB2-7F2F-462F-B509-FDF533067332}
	EndGlobalSection
EndGlobal
