
Microsoft Visual Studio Solution File, Format Version 12.00
# Visual Studio Version 17
VisualStudioVersion = 17.5.33516.290
MinimumVisualStudioVersion = 10.0.40219.1
Project("{FAE04EC0-301F-11D3-BF4B-00C04F79EFBC}") = "ThePrototype", "ThePrototype.csproj", "{5E703327-298C-41FF-B557-BFB9A8160DE9}"
EndProject
Global
	GlobalSection(SolutionConfigurationPlatforms) = preSolution
		Debug|Any CPU = Debug|Any CPU
		Release|Any CPU = Release|Any CPU
	EndGlobalSection
	GlobalSection(ProjectConfigurationPlatforms) = postSolution
		{5E703327-298C-41FF-B557-BFB9A8160DE9}.Debug|Any CPU.ActiveCfg = Debug|Any CPU
		{5E703327-298C-41FF-B557-BFB9A8160DE9}.Debug|Any CPU.Build.0 = Debug|Any CPU
		{5E703327-298C-41FF-B557-BFB9A8160DE9}.Release|Any CPU.ActiveCfg = Release|Any CPU
		{5E703327-298C-41FF-B557-BFB9A8160DE9}.Release|Any CPU.Build.0 = Release|Any CPU
	EndGlobalSection
	GlobalSection(SolutionProperties) = preSolution
		HideSolutionNode = FALSE
	EndGlobalSection
	GlobalSection(ExtensibilityGlobals) = postSolution
		SolutionGuid = {8C8D06BD-7E7C-460E-A6A3-810CC21636BD}
	EndGlobalSection
EndGlobal
