
Microsoft Visual Studio Solution File, Format Version 12.00
# Visual Studio Version 17
VisualStudioVersion = 17.5.33530.505
MinimumVisualStudioVersion = 10.0.40219.1
Project("{FAE04EC0-301F-11D3-BF4B-00C04F79EFBC}") = "43 - ListOfCommands", "43 - ListOfCommands.csproj", "{B6925162-1754-40ED-BD52-53FFB1E3EF2B}"
EndProject
Global
	GlobalSection(SolutionConfigurationPlatforms) = preSolution
		Debug|Any CPU = Debug|Any CPU
		Release|Any CPU = Release|Any CPU
	EndGlobalSection
	GlobalSection(ProjectConfigurationPlatforms) = postSolution
		{B6925162-1754-40ED-BD52-53FFB1E3EF2B}.Debug|Any CPU.ActiveCfg = Debug|Any CPU
		{B6925162-1754-40ED-BD52-53FFB1E3EF2B}.Debug|Any CPU.Build.0 = Debug|Any CPU
		{B6925162-1754-40ED-BD52-53FFB1E3EF2B}.Release|Any CPU.ActiveCfg = Release|Any CPU
		{B6925162-1754-40ED-BD52-53FFB1E3EF2B}.Release|Any CPU.Build.0 = Release|Any CPU
	EndGlobalSection
	GlobalSection(SolutionProperties) = preSolution
		HideSolutionNode = FALSE
	EndGlobalSection
	GlobalSection(ExtensibilityGlobals) = postSolution
		SolutionGuid = {CB0324B9-6C9E-413C-8199-7E6DB6D421AA}
	EndGlobalSection
EndGlobal
