
Microsoft Visual Studio Solution File, Format Version 12.00
# Visual Studio Version 17
VisualStudioVersion = 17.5.33516.290
MinimumVisualStudioVersion = 10.0.40219.1
Project("{FAE04EC0-301F-11D3-BF4B-00C04F79EFBC}") = "TheVariableShop", "TheVariableShop.csproj", "{D917B3BD-8DFF-449F-B0F8-C60592506772}"
EndProject
Global
	GlobalSection(SolutionConfigurationPlatforms) = preSolution
		Debug|Any CPU = Debug|Any CPU
		Release|Any CPU = Release|Any CPU
	EndGlobalSection
	GlobalSection(ProjectConfigurationPlatforms) = postSolution
		{D917B3BD-8DFF-449F-B0F8-C60592506772}.Debug|Any CPU.ActiveCfg = Debug|Any CPU
		{D917B3BD-8DFF-449F-B0F8-C60592506772}.Debug|Any CPU.Build.0 = Debug|Any CPU
		{D917B3BD-8DFF-449F-B0F8-C60592506772}.Release|Any CPU.ActiveCfg = Release|Any CPU
		{D917B3BD-8DFF-449F-B0F8-C60592506772}.Release|Any CPU.Build.0 = Release|Any CPU
	EndGlobalSection
	GlobalSection(SolutionProperties) = preSolution
		HideSolutionNode = FALSE
	EndGlobalSection
	GlobalSection(ExtensibilityGlobals) = postSolution
		SolutionGuid = {DC818C86-2104-40AE-B5B8-15A93424CFBA}
	EndGlobalSection
EndGlobal
