
Microsoft Visual Studio Solution File, Format Version 12.00
# Visual Studio Version 17
VisualStudioVersion = 17.5.33516.290
MinimumVisualStudioVersion = 10.0.40219.1
Project("{FAE04EC0-301F-11D3-BF4B-00C04F79EFBC}") = "TheThingNamer3000", "TheThingNamer3000.csproj", "{F6E9B70E-A6B8-4B2A-85ED-1F9C7F945EF6}"
EndProject
Global
	GlobalSection(SolutionConfigurationPlatforms) = preSolution
		Debug|Any CPU = Debug|Any CPU
		Release|Any CPU = Release|Any CPU
	EndGlobalSection
	GlobalSection(ProjectConfigurationPlatforms) = postSolution
		{F6E9B70E-A6B8-4B2A-85ED-1F9C7F945EF6}.Debug|Any CPU.ActiveCfg = Debug|Any CPU
		{F6E9B70E-A6B8-4B2A-85ED-1F9C7F945EF6}.Debug|Any CPU.Build.0 = Debug|Any CPU
		{F6E9B70E-A6B8-4B2A-85ED-1F9C7F945EF6}.Release|Any CPU.ActiveCfg = Release|Any CPU
		{F6E9B70E-A6B8-4B2A-85ED-1F9C7F945EF6}.Release|Any CPU.Build.0 = Release|Any CPU
	EndGlobalSection
	GlobalSection(SolutionProperties) = preSolution
		HideSolutionNode = FALSE
	EndGlobalSection
	GlobalSection(ExtensibilityGlobals) = postSolution
		SolutionGuid = {30F91ACA-DACB-423C-BDE9-8B71CDE564A2}
	EndGlobalSection
EndGlobal
